// !$*UTF8*$!
{
	archiveVersion = 1;
	classes = {
	};
	objectVersion = 56;
	objects = {

/* Begin PBXBuildFile section */
		8B2DE89F2C75E1DA00A01CE0 /* ModernaUppgift3App.swift in Sources */ = {isa = PBXBuildFile; fileRef = 8B2DE89E2C75E1DA00A01CE0 /* ModernaUppgift3App.swift */; };
		8B2DE8A12C75E1DA00A01CE0 /* ContentView.swift in Sources */ = {isa = PBXBuildFile; fileRef = 8B2DE8A02C75E1DA00A01CE0 /* ContentView.swift */; };
		8B2DE8A32C75E1DB00A01CE0 /* Assets.xcassets in Resources */ = {isa = PBXBuildFile; fileRef = 8B2DE8A22C75E1DB00A01CE0 /* Assets.xcassets */; };
		8B2DE8A72C75E1DB00A01CE0 /* Preview Assets.xcassets in Resources */ = {isa = PBXBuildFile; fileRef = 8B2DE8A62C75E1DB00A01CE0 /* Preview Assets.xcassets */; };
		8B2DE8B12C75E1DC00A01CE0 /* ModernaUppgift3Tests.swift in Sources */ = {isa = PBXBuildFile; fileRef = 8B2DE8B02C75E1DC00A01CE0 /* ModernaUppgift3Tests.swift */; };
		8B2DE8BB2C75E1DC00A01CE0 /* ModernaUppgift3UITests.swift in Sources */ = {isa = PBXBuildFile; fileRef = 8B2DE8BA2C75E1DC00A01CE0 /* ModernaUppgift3UITests.swift */; };
		8B2DE8BD2C75E1DC00A01CE0 /* ModernaUppgift3UITestsLaunchTests.swift in Sources */ = {isa = PBXBuildFile; fileRef = 8B2DE8BC2C75E1DC00A01CE0 /* ModernaUppgift3UITestsLaunchTests.swift */; };
/* End PBXBuildFile section */

/* Begin PBXContainerItemProxy section */
		8B2DE8AD2C75E1DC00A01CE0 /* PBXContainerItemProxy */ = {
			isa = PBXContainerItemProxy;
			containerPortal = 8B2DE8932C75E1DA00A01CE0 /* Project object */;
			proxyType = 1;
			remoteGlobalIDString = 8B2DE89A2C75E1DA00A01CE0;
			remoteInfo = ModernaUppgift3;
		};
		8B2DE8B72C75E1DC00A01CE0 /* PBXContainerItemProxy */ = {
			isa = PBXContainerItemProxy;
			containerPortal = 8B2DE8932C75E1DA00A01CE0 /* Project object */;
			proxyType = 1;
			remoteGlobalIDString = 8B2DE89A2C75E1DA00A01CE0;
			remoteInfo = ModernaUppgift3;
		};
/* End PBXContainerItemProxy section */

/* Begin PBXFileReference section */
		8B2DE89B2C75E1DA00A01CE0 /* ModernaUppgift3.app */ = {isa = PBXFileReference; explicitFileType = wrapper.application; includeInIndex = 0; path = ModernaUppgift3.app; sourceTree = BUILT_PRODUCTS_DIR; };
		8B2DE89E2C75E1DA00A01CE0 /* ModernaUppgift3App.swift */ = {isa = PBXFileReference; lastKnownFileType = sourcecode.swift; path = ModernaUppgift3App.swift; sourceTree = "<group>"; };
		8B2DE8A02C75E1DA00A01CE0 /* ContentView.swift */ = {isa = PBXFileReference; lastKnownFileType = sourcecode.swift; path = ContentView.swift; sourceTree = "<group>"; };
		8B2DE8A22C75E1DB00A01CE0 /* Assets.xcassets */ = {isa = PBXFileReference; lastKnownFileType = folder.assetcatalog; path = Assets.xcassets; sourceTree = "<group>"; };
		8B2DE8A42C75E1DB00A01CE0 /* ModernaUppgift3.entitlements */ = {isa = PBXFileReference; lastKnownFileType = text.plist.entitlements; path = ModernaUppgift3.entitlements; sourceTree = "<group>"; };
		8B2DE8A62C75E1DB00A01CE0 /* Preview Assets.xcassets */ = {isa = PBXFileReference; lastKnownFileType = folder.assetcatalog; path = "Preview Assets.xcassets"; sourceTree = "<group>"; };
		8B2DE8AC2C75E1DC00A01CE0 /* ModernaUppgift3Tests.xctest */ = {isa = PBXFileReference; explicitFileType = wrapper.cfbundle; includeInIndex = 0; path = ModernaUppgift3Tests.xctest; sourceTree = BUILT_PRODUCTS_DIR; };
		8B2DE8B02C75E1DC00A01CE0 /* ModernaUppgift3Tests.swift */ = {isa = PBXFileReference; lastKnownFileType = sourcecode.swift; path = ModernaUppgift3Tests.swift; sourceTree = "<group>"; };
		8B2DE8B62C75E1DC00A01CE0 /* ModernaUppgift3UITests.xctest */ = {isa = PBXFileReference; explicitFileType = wrapper.cfbundle; includeInIndex = 0; path = ModernaUppgift3UITests.xctest; sourceTree = BUILT_PRODUCTS_DIR; };
		8B2DE8BA2C75E1DC00A01CE0 /* ModernaUppgift3UITests.swift */ = {isa = PBXFileReference; lastKnownFileType = sourcecode.swift; path = ModernaUppgift3UITests.swift; sourceTree = "<group>"; };
		8B2DE8BC2C75E1DC00A01CE0 /* ModernaUppgift3UITestsLaunchTests.swift */ = {isa = PBXFileReference; lastKnownFileType = sourcecode.swift; path = ModernaUppgift3UITestsLaunchTests.swift; sourceTree = "<group>"; };
/* End PBXFileReference section */

/* Begin PBXFrameworksBuildPhase section */
		8B2DE8982C75E1DA00A01CE0 /* Frameworks */ = {
			isa = PBXFrameworksBuildPhase;
			buildActionMask = 2147483647;
			files = (
			);
			runOnlyForDeploymentPostprocessing = 0;
		};
		8B2DE8A92C75E1DC00A01CE0 /* Frameworks */ = {
			isa = PBXFrameworksBuildPhase;
			buildActionMask = 2147483647;
			files = (
			);
			runOnlyForDeploymentPostprocessing = 0;
		};
		8B2DE8B32C75E1DC00A01CE0 /* Frameworks */ = {
			isa = PBXFrameworksBuildPhase;
			buildActionMask = 2147483647;
			files = (
			);
			runOnlyForDeploymentPostprocessing = 0;
		};
/* End PBXFrameworksBuildPhase section */

/* Begin PBXGroup section */
		8B2DE8922C75E1DA00A01CE0 = {
			isa = PBXGroup;
			children = (
				8B2DE89D2C75E1DA00A01CE0 /* ModernaUppgift3 */,
				8B2DE8AF2C75E1DC00A01CE0 /* ModernaUppgift3Tests */,
				8B2DE8B92C75E1DC00A01CE0 /* ModernaUppgift3UITests */,
				8B2DE89C2C75E1DA00A01CE0 /* Products */,
			);
			sourceTree = "<group>";
		};
		8B2DE89C2C75E1DA00A01CE0 /* Products */ = {
			isa = PBXGroup;
			children = (
				8B2DE89B2C75E1DA00A01CE0 /* ModernaUppgift3.app */,
				8B2DE8AC2C75E1DC00A01CE0 /* ModernaUppgift3Tests.xctest */,
				8B2DE8B62C75E1DC00A01CE0 /* ModernaUppgift3UITests.xctest */,
			);
			name = Products;
			sourceTree = "<group>";
		};
		8B2DE89D2C75E1DA00A01CE0 /* ModernaUppgift3 */ = {
			isa = PBXGroup;
			children = (
				8B2DE89E2C75E1DA00A01CE0 /* ModernaUppgift3App.swift */,
				8B2DE8A02C75E1DA00A01CE0 /* ContentView.swift */,
				8B2DE8A22C75E1DB00A01CE0 /* Assets.xcassets */,
				8B2DE8A42C75E1DB00A01CE0 /* ModernaUppgift3.entitlements */,
				8B2DE8A52C75E1DB00A01CE0 /* Preview Content */,
			);
			path = ModernaUppgift3;
			sourceTree = "<group>";
		};
		8B2DE8A52C75E1DB00A01CE0 /* Preview Content */ = {
			isa = PBXGroup;
			children = (
				8B2DE8A62C75E1DB00A01CE0 /* Preview Assets.xcassets */,
			);
			path = "Preview Content";
			sourceTree = "<group>";
		};
		8B2DE8AF2C75E1DC00A01CE0 /* ModernaUppgift3Tests */ = {
			isa = PBXGroup;
			children = (
				8B2DE8B02C75E1DC00A01CE0 /* ModernaUppgift3Tests.swift */,
			);
			path = ModernaUppgift3Tests;
			sourceTree = "<group>";
		};
		8B2DE8B92C75E1DC00A01CE0 /* ModernaUppgift3UITests */ = {
			isa = PBXGroup;
			children = (
				8B2DE8BA2C75E1DC00A01CE0 /* ModernaUppgift3UITests.swift */,
				8B2DE8BC2C75E1DC00A01CE0 /* ModernaUppgift3UITestsLaunchTests.swift */,
			);
			path = ModernaUppgift3UITests;
			sourceTree = "<group>";
		};
/* End PBXGroup section */

/* Begin PBXNativeTarget section */
		8B2DE89A2C75E1DA00A01CE0 /* ModernaUppgift3 */ = {
			isa = PBXNativeTarget;
			buildConfigurationList = 8B2DE8C02C75E1DC00A01CE0 /* Build configuration list for PBXNativeTarget "ModernaUppgift3" */;
			buildPhases = (
				8B2DE8972C75E1DA00A01CE0 /* Sources */,
				8B2DE8982C75E1DA00A01CE0 /* Frameworks */,
				8B2DE8992C75E1DA00A01CE0 /* Resources */,
			);
			buildRules = (
			);
			dependencies = (
			);
			name = ModernaUppgift3;
			productName = ModernaUppgift3;
			productReference = 8B2DE89B2C75E1DA00A01CE0 /* ModernaUppgift3.app */;
			productType = "com.apple.product-type.application";
		};
		8B2DE8AB2C75E1DC00A01CE0 /* ModernaUppgift3Tests */ = {
			isa = PBXNativeTarget;
			buildConfigurationList = 8B2DE8C32C75E1DC00A01CE0 /* Build configuration list for PBXNativeTarget "ModernaUppgift3Tests" */;
			buildPhases = (
				8B2DE8A82C75E1DC00A01CE0 /* Sources */,
				8B2DE8A92C75E1DC00A01CE0 /* Frameworks */,
				8B2DE8AA2C75E1DC00A01CE0 /* Resources */,
			);
			buildRules = (
			);
			dependencies = (
				8B2DE8AE2C75E1DC00A01CE0 /* PBXTargetDependency */,
			);
			name = ModernaUppgift3Tests;
			productName = ModernaUppgift3Tests;
			productReference = 8B2DE8AC2C75E1DC00A01CE0 /* ModernaUppgift3Tests.xctest */;
			productType = "com.apple.product-type.bundle.unit-test";
		};
		8B2DE8B52C75E1DC00A01CE0 /* ModernaUppgift3UITests */ = {
			isa = PBXNativeTarget;
			buildConfigurationList = 8B2DE8C62C75E1DC00A01CE0 /* Build configuration list for PBXNativeTarget "ModernaUppgift3UITests" */;
			buildPhases = (
				8B2DE8B22C75E1DC00A01CE0 /* Sources */,
				8B2DE8B32C75E1DC00A01CE0 /* Frameworks */,
				8B2DE8B42C75E1DC00A01CE0 /* Resources */,
			);
			buildRules = (
			);
			dependencies = (
				8B2DE8B82C75E1DC00A01CE0 /* PBXTargetDependency */,
			);
			name = ModernaUppgift3UITests;
			productName = ModernaUppgift3UITests;
			productReference = 8B2DE8B62C75E1DC00A01CE0 /* ModernaUppgift3UITests.xctest */;
			productType = "com.apple.product-type.bundle.ui-testing";
		};
/* End PBXNativeTarget section */

/* Begin PBXProject section */
		8B2DE8932C75E1DA00A01CE0 /* Project object */ = {
			isa = PBXProject;
			attributes = {
				BuildIndependentTargetsInParallel = 1;
				LastSwiftUpdateCheck = 1420;
				LastUpgradeCheck = 1420;
				TargetAttributes = {
					8B2DE89A2C75E1DA00A01CE0 = {
						CreatedOnToolsVersion = 14.2;
					};
					8B2DE8AB2C75E1DC00A01CE0 = {
						CreatedOnToolsVersion = 14.2;
						TestTargetID = 8B2DE89A2C75E1DA00A01CE0;
					};
					8B2DE8B52C75E1DC00A01CE0 = {
						CreatedOnToolsVersion = 14.2;
						TestTargetID = 8B2DE89A2C75E1DA00A01CE0;
					};
				};
			};
			buildConfigurationList = 8B2DE8962C75E1DA00A01CE0 /* Build configuration list for PBXProject "ModernaUppgift3" */;
			compatibilityVersion = "Xcode 14.0";
			developmentRegion = en;
			hasScannedForEncodings = 0;
			knownRegions = (
				en,
				Base,
			);
			mainGroup = 8B2DE8922C75E1DA00A01CE0;
			productRefGroup = 8B2DE89C2C75E1DA00A01CE0 /* Products */;
			projectDirPath = "";
			projectRoot = "";
			targets = (
				8B2DE89A2C75E1DA00A01CE0 /* ModernaUppgift3 */,
				8B2DE8AB2C75E1DC00A01CE0 /* ModernaUppgift3Tests */,
				8B2DE8B52C75E1DC00A01CE0 /* ModernaUppgift3UITests */,
			);
		};
/* End PBXProject section */

/* Begin PBXResourcesBuildPhase section */
		8B2DE8992C75E1DA00A01CE0 /* Resources */ = {
			isa = PBXResourcesBuildPhase;
			buildActionMask = 2147483647;
			files = (
				8B2DE8A72C75E1DB00A01CE0 /* Preview Assets.xcassets in Resources */,
				8B2DE8A32C75E1DB00A01CE0 /* Assets.xcassets in Resources */,
			);
			runOnlyForDeploymentPostprocessing = 0;
		};
		8B2DE8AA2C75E1DC00A01CE0 /* Resources */ = {
			isa = PBXResourcesBuildPhase;
			buildActionMask = 2147483647;
			files = (
			);
			runOnlyForDeploymentPostprocessing = 0;
		};
		8B2DE8B42C75E1DC00A01CE0 /* Resources */ = {
			isa = PBXResourcesBuildPhase;
			buildActionMask = 2147483647;
			files = (
			);
			runOnlyForDeploymentPostprocessing = 0;
		};
/* End PBXResourcesBuildPhase section */

/* Begin PBXSourcesBuildPhase section */
		8B2DE8972C75E1DA00A01CE0 /* Sources */ = {
			isa = PBXSourcesBuildPhase;
			buildActionMask = 2147483647;
			files = (
				8B2DE8A12C75E1DA00A01CE0 /* ContentView.swift in Sources */,
				8B2DE89F2C75E1DA00A01CE0 /* ModernaUppgift3App.swift in Sources */,
			);
			runOnlyForDeploymentPostprocessing = 0;
		};
		8B2DE8A82C75E1DC00A01CE0 /* Sources */ = {
			isa = PBXSourcesBuildPhase;
			buildActionMask = 2147483647;
			files = (
				8B2DE8B12C75E1DC00A01CE0 /* ModernaUppgift3Tests.swift in Sources */,
			);
			runOnlyForDeploymentPostprocessing = 0;
		};
		8B2DE8B22C75E1DC00A01CE0 /* Sources */ = {
			isa = PBXSourcesBuildPhase;
			buildActionMask = 2147483647;
			files = (
				8B2DE8BB2C75E1DC00A01CE0 /* ModernaUppgift3UITests.swift in Sources */,
				8B2DE8BD2C75E1DC00A01CE0 /* ModernaUppgift3UITestsLaunchTests.swift in Sources */,
			);
			runOnlyForDeploymentPostprocessing = 0;
		};
/* End PBXSourcesBuildPhase section */

/* Begin PBXTargetDependency section */
		8B2DE8AE2C75E1DC00A01CE0 /* PBXTargetDependency */ = {
			isa = PBXTargetDependency;
			target = 8B2DE89A2C75E1DA00A01CE0 /* ModernaUppgift3 */;
			targetProxy = 8B2DE8AD2C75E1DC00A01CE0 /* PBXContainerItemProxy */;
		};
		8B2DE8B82C75E1DC00A01CE0 /* PBXTargetDependency */ = {
			isa = PBXTargetDependency;
			target = 8B2DE89A2C75E1DA00A01CE0 /* ModernaUppgift3 */;
			targetProxy = 8B2DE8B72C75E1DC00A01CE0 /* PBXContainerItemProxy */;
		};
/* End PBXTargetDependency section */

/* Begin XCBuildConfiguration section */
		8B2DE8BE2C75E1DC00A01CE0 /* Debug */ = {
			isa = XCBuildConfiguration;
			buildSettings = {
				ALWAYS_SEARCH_USER_PATHS = NO;
				CLANG_ANALYZER_NONNULL = YES;
				CLANG_ANALYZER_NUMBER_OBJECT_CONVERSION = YES_AGGRESSIVE;
				CLANG_CXX_LANGUAGE_STANDARD = "gnu++20";
				CLANG_ENABLE_MODULES = YES;
				CLANG_ENABLE_OBJC_ARC = YES;
				CLANG_ENABLE_OBJC_WEAK = YES;
				CLANG_WARN_BLOCK_CAPTURE_AUTORELEASING = YES;
				CLANG_WARN_BOOL_CONVERSION = YES;
				CLANG_WARN_COMMA = YES;
				CLANG_WARN_CONSTANT_CONVERSION = YES;
				CLANG_WARN_DEPRECATED_OBJC_IMPLEMENTATIONS = YES;
				CLANG_WARN_DIRECT_OBJC_ISA_USAGE = YES_ERROR;
				CLANG_WARN_DOCUMENTATION_COMMENTS = YES;
				CLANG_WARN_EMPTY_BODY = YES;
				CLANG_WARN_ENUM_CONVERSION = YES;
				CLANG_WARN_INFINITE_RECURSION = YES;
				CLANG_WARN_INT_CONVERSION = YES;
				CLANG_WARN_NON_LITERAL_NULL_CONVERSION = YES;
				CLANG_WARN_OBJC_IMPLICIT_RETAIN_SELF = YES;
				CLANG_WARN_OBJC_LITERAL_CONVERSION = YES;
				CLANG_WARN_OBJC_ROOT_CLASS = YES_ERROR;
				CLANG_WARN_QUOTED_INCLUDE_IN_FRAMEWORK_HEADER = YES;
				CLANG_WARN_RANGE_LOOP_ANALYSIS = YES;
				CLANG_WARN_STRICT_PROTOTYPES = YES;
				CLANG_WARN_SUSPICIOUS_MOVE = YES;
				CLANG_WARN_UNGUARDED_AVAILABILITY = YES_AGGRESSIVE;
				CLANG_WARN_UNREACHABLE_CODE = YES;
				CLANG_WARN__DUPLICATE_METHOD_MATCH = YES;
				COPY_PHASE_STRIP = NO;
				DEBUG_INFORMATION_FORMAT = dwarf;
				ENABLE_STRICT_OBJC_MSGSEND = YES;
				ENABLE_TESTABILITY = YES;
				GCC_C_LANGUAGE_STANDARD = gnu11;
				GCC_DYNAMIC_NO_PIC = NO;
				GCC_NO_COMMON_BLOCKS = YES;
				GCC_OPTIMIZATION_LEVEL = 0;
				GCC_PREPROCESSOR_DEFINITIONS = (
					"DEBUG=1",
					"$(inherited)",
				);
				GCC_WARN_64_TO_32_BIT_CONVERSION = YES;
				GCC_WARN_ABOUT_RETURN_TYPE = YES_ERROR;
				GCC_WARN_UNDECLARED_SELECTOR = YES;
				GCC_WARN_UNINITIALIZED_AUTOS = YES_AGGRESSIVE;
				GCC_WARN_UNUSED_FUNCTION = YES;
				GCC_WARN_UNUSED_VARIABLE = YES;
				MTL_ENABLE_DEBUG_INFO = INCLUDE_SOURCE;
				MTL_FAST_MATH = YES;
				ONLY_ACTIVE_ARCH = YES;
				SWIFT_ACTIVE_COMPILATION_CONDITIONS = DEBUG;
				SWIFT_OPTIMIZATION_LEVEL = "-Onone";
			};
			name = Debug;
		};
		8B2DE8BF2C75E1DC00A01CE0 /* Release */ = {
			isa = XCBuildConfiguration;
			buildSettings = {
				ALWAYS_SEARCH_USER_PATHS = NO;
				CLANG_ANALYZER_NONNULL = YES;
				CLANG_ANALYZER_NUMBER_OBJECT_CONVERSION = YES_AGGRESSIVE;
				CLANG_CXX_LANGUAGE_STANDARD = "gnu++20";
				CLANG_ENABLE_MODULES = YES;
				CLANG_ENABLE_OBJC_ARC = YES;
				CLANG_ENABLE_OBJC_WEAK = YES;
				CLANG_WARN_BLOCK_CAPTURE_AUTORELEASING = YES;
				CLANG_WARN_BOOL_CONVERSION = YES;
				CLANG_WARN_COMMA = YES;
				CLANG_WARN_CONSTANT_CONVERSION = YES;
				CLANG_WARN_DEPRECATED_OBJC_IMPLEMENTATIONS = YES;
				CLANG_WARN_DIRECT_OBJC_ISA_USAGE = YES_ERROR;
				CLANG_WARN_DOCUMENTATION_COMMENTS = YES;
				CLANG_WARN_EMPTY_BODY = YES;
				CLANG_WARN_ENUM_CONVERSION = YES;
				CLANG_WARN_INFINITE_RECURSION = YES;
				CLANG_WARN_INT_CONVERSION = YES;
				CLANG_WARN_NON_LITERAL_NULL_CONVERSION = YES;
				CLANG_WARN_OBJC_IMPLICIT_RETAIN_SELF = YES;
				CLANG_WARN_OBJC_LITERAL_CONVERSION = YES;
				CLANG_WARN_OBJC_ROOT_CLASS = YES_ERROR;
				CLANG_WARN_QUOTED_INCLUDE_IN_FRAMEWORK_HEADER = YES;
				CLANG_WARN_RANGE_LOOP_ANALYSIS = YES;
				CLANG_WARN_STRICT_PROTOTYPES = YES;
				CLANG_WARN_SUSPICIOUS_MOVE = YES;
				CLANG_WARN_UNGUARDED_AVAILABILITY = YES_AGGRESSIVE;
				CLANG_WARN_UNREACHABLE_CODE = YES;
				CLANG_WARN__DUPLICATE_METHOD_MATCH = YES;
				COPY_PHASE_STRIP = NO;
				DEBUG_INFORMATION_FORMAT = "dwarf-with-dsym";
				ENABLE_NS_ASSERTIONS = NO;
				ENABLE_STRICT_OBJC_MSGSEND = YES;
				GCC_C_LANGUAGE_STANDARD = gnu11;
				GCC_NO_COMMON_BLOCKS = YES;
				GCC_WARN_64_TO_32_BIT_CONVERSION = YES;
				GCC_WARN_ABOUT_RETURN_TYPE = YES_ERROR;
				GCC_WARN_UNDECLARED_SELECTOR = YES;
				GCC_WARN_UNINITIALIZED_AUTOS = YES_AGGRESSIVE;
				GCC_WARN_UNUSED_FUNCTION = YES;
				GCC_WARN_UNUSED_VARIABLE = YES;
				MTL_ENABLE_DEBUG_INFO = NO;
				MTL_FAST_MATH = YES;
				SWIFT_COMPILATION_MODE = wholemodule;
				SWIFT_OPTIMIZATION_LEVEL = "-O";
			};
			name = Release;
		};
		8B2DE8C12C75E1DC00A01CE0 /* Debug */ = {
			isa = XCBuildConfiguration;
			buildSettings = {
				ASSETCATALOG_COMPILER_APPICON_NAME = AppIcon;
				ASSETCATALOG_COMPILER_GLOBAL_ACCENT_COLOR_NAME = AccentColor;
				CODE_SIGN_ENTITLEMENTS = ModernaUppgift3/ModernaUppgift3.entitlements;
				CODE_SIGN_STYLE = Automatic;
				CURRENT_PROJECT_VERSION = 1;
				DEVELOPMENT_ASSET_PATHS = "\"ModernaUppgift3/Preview Content\"";
				DEVELOPMENT_TEAM = 2LYCKBFU6Q;
				ENABLE_HARDENED_RUNTIME = YES;
				ENABLE_PREVIEWS = YES;
				GENERATE_INFOPLIST_FILE = YES;
				"INFOPLIST_KEY_UIApplicationSceneManifest_Generation[sdk=iphoneos*]" = YES;
				"INFOPLIST_KEY_UIApplicationSceneManifest_Generation[sdk=iphonesimulator*]" = YES;
				"INFOPLIST_KEY_UIApplicationSupportsIndirectInputEvents[sdk=iphoneos*]" = YES;
				"INFOPLIST_KEY_UIApplicationSupportsIndirectInputEvents[sdk=iphonesimulator*]" = YES;
				"INFOPLIST_KEY_UILaunchScreen_Generation[sdk=iphoneos*]" = YES;
				"INFOPLIST_KEY_UILaunchScreen_Generation[sdk=iphonesimulator*]" = YES;
				"INFOPLIST_KEY_UIStatusBarStyle[sdk=iphoneos*]" = UIStatusBarStyleDefault;
				"INFOPLIST_KEY_UIStatusBarStyle[sdk=iphonesimulator*]" = UIStatusBarStyleDefault;
				INFOPLIST_KEY_UISupportedInterfaceOrientations_iPad = "UIInterfaceOrientationPortrait UIInterfaceOrientationPortraitUpsideDown UIInterfaceOrientationLandscapeLeft UIInterfaceOrientationLandscapeRight";
				INFOPLIST_KEY_UISupportedInterfaceOrientations_iPhone = "UIInterfaceOrientationPortrait UIInterfaceOrientationLandscapeLeft UIInterfaceOrientationLandscapeRight";
				IPHONEOS_DEPLOYMENT_TARGET = 16.2;
				LD_RUNPATH_SEARCH_PATHS = "@executable_path/Frameworks";
				"LD_RUNPATH_SEARCH_PATHS[sdk=macosx*]" = "@executable_path/../Frameworks";
				MACOSX_DEPLOYMENT_TARGET = 12.7;
				MARKETING_VERSION = 1.0;
				PRODUCT_BUNDLE_IDENTIFIER = com.edibuh.ModernaUppgift3;
				PRODUCT_NAME = "$(TARGET_NAME)";
				SDKROOT = auto;
				SUPPORTED_PLATFORMS = "iphoneos iphonesimulator macosx";
				SWIFT_EMIT_LOC_STRINGS = YES;
				SWIFT_VERSION = 5.0;
				TARGETED_DEVICE_FAMILY = "1,2";
			};
			name = Debug;
		};
		8B2DE8C22C75E1DC00A01CE0 /* Release */ = {
			isa = XCBuildConfiguration;
			buildSettings = {
				ASSETCATALOG_COMPILER_APPICON_NAME = AppIcon;
				ASSETCATALOG_COMPILER_GLOBAL_ACCENT_COLOR_NAME = AccentColor;
				CODE_SIGN_ENTITLEMENTS = ModernaUppgift3/ModernaUppgift3.entitlements;
				CODE_SIGN_STYLE = Automatic;
				CURRENT_PROJECT_VERSION = 1;
				DEVELOPMENT_ASSET_PATHS = "\"ModernaUppgift3/Preview Content\"";
				DEVELOPMENT_TEAM = 2LYCKBFU6Q;
				ENABLE_HARDENED_RUNTIME = YES;
				ENABLE_PREVIEWS = YES;
				GENERATE_INFOPLIST_FILE = YES;
				"INFOPLIST_KEY_UIApplicationSceneManifest_Generation[sdk=iphoneos*]" = YES;
				"INFOPLIST_KEY_UIApplicationSceneManifest_Generation[sdk=iphonesimulator*]" = YES;
				"INFOPLIST_KEY_UIApplicationSupportsIndirectInputEvents[sdk=iphoneos*]" = YES;
				"INFOPLIST_KEY_UIApplicationSupportsIndirectInputEvents[sdk=iphonesimulator*]" = YES;
				"INFOPLIST_KEY_UILaunchScreen_Generation[sdk=iphoneos*]" = YES;
				"INFOPLIST_KEY_UILaunchScreen_Generation[sdk=iphonesimulator*]" = YES;
				"INFOPLIST_KEY_UIStatusBarStyle[sdk=iphoneos*]" = UIStatusBarStyleDefault;
				"INFOPLIST_KEY_UIStatusBarStyle[sdk=iphonesimulator*]" = UIStatusBarStyleDefault;
				INFOPLIST_KEY_UISupportedInterfaceOrientations_iPad = "UIInterfaceOrientationPortrait UIInterfaceOrientationPortraitUpsideDown UIInterfaceOrientationLandscapeLeft UIInterfaceOrientationLandscapeRight";
				INFOPLIST_KEY_UISupportedInterfaceOrientations_iPhone = "UIInterfaceOrientationPortrait UIInterfaceOrientationLandscapeLeft UIInterfaceOrientationLandscapeRight";
				IPHONEOS_DEPLOYMENT_TARGET = 16.2;
				LD_RUNPATH_SEARCH_PATHS = "@executable_path/Frameworks";
				"LD_RUNPATH_SEARCH_PATHS[sdk=macosx*]" = "@executable_path/../Frameworks";
				MACOSX_DEPLOYMENT_TARGET = 12.7;
				MARKETING_VERSION = 1.0;
				PRODUCT_BUNDLE_IDENTIFIER = com.edibuh.ModernaUppgift3;
				PRODUCT_NAME = "$(TARGET_NAME)";
				SDKROOT = auto;
				SUPPORTED_PLATFORMS = "iphoneos iphonesimulator macosx";
				SWIFT_EMIT_LOC_STRINGS = YES;
				SWIFT_VERSION = 5.0;
				TARGETED_DEVICE_FAMILY = "1,2";
			};
			name = Release;
		};
		8B2DE8C42C75E1DC00A01CE0 /* Debug */ = {
			isa = XCBuildConfiguration;
			buildSettings = {
				ALWAYS_EMBED_SWIFT_STANDARD_LIBRARIES = YES;
				BUNDLE_LOADER = "$(TEST_HOST)";
				CODE_SIGN_STYLE = Automatic;
				CURRENT_PROJECT_VERSION = 1;
				DEVELOPMENT_TEAM = 2LYCKBFU6Q;
				GENERATE_INFOPLIST_FILE = YES;
				IPHONEOS_DEPLOYMENT_TARGET = 16.2;
				MACOSX_DEPLOYMENT_TARGET = 12.7;
				MARKETING_VERSION = 1.0;
				PRODUCT_BUNDLE_IDENTIFIER = com.edibuh.ModernaUppgift3Tests;
				PRODUCT_NAME = "$(TARGET_NAME)";
				SDKROOT = auto;
				SUPPORTED_PLATFORMS = "iphoneos iphonesimulator macosx";
				SWIFT_EMIT_LOC_STRINGS = NO;
				SWIFT_VERSION = 5.0;
				TARGETED_DEVICE_FAMILY = "1,2";
				TEST_HOST = "$(BUILT_PRODUCTS_DIR)/ModernaUppgift3.app/$(BUNDLE_EXECUTABLE_FOLDER_PATH)/ModernaUppgift3";
			};
			name = Debug;
		};
		8B2DE8C52C75E1DC00A01CE0 /* Release */ = {
			isa = XCBuildConfiguration;
			buildSettings = {
				ALWAYS_EMBED_SWIFT_STANDARD_LIBRARIES = YES;
				BUNDLE_LOADER = "$(TEST_HOST)";
				CODE_SIGN_STYLE = Automatic;
				CURRENT_PROJECT_VERSION = 1;
				DEVELOPMENT_TEAM = 2LYCKBFU6Q;
				GENERATE_INFOPLIST_FILE = YES;
				IPHONEOS_DEPLOYMENT_TARGET = 16.2;
				MACOSX_DEPLOYMENT_TARGET = 12.7;
				MARKETING_VERSION = 1.0;
				PRODUCT_BUNDLE_IDENTIFIER = com.edibuh.ModernaUppgift3Tests;
				PRODUCT_NAME = "$(TARGET_NAME)";
				SDKROOT = auto;
				SUPPORTED_PLATFORMS = "iphoneos iphonesimulator macosx";
				SWIFT_EMIT_LOC_STRINGS = NO;
				SWIFT_VERSION = 5.0;
				TARGETED_DEVICE_FAMILY = "1,2";
				TEST_HOST = "$(BUILT_PRODUCTS_DIR)/ModernaUppgift3.app/$(BUNDLE_EXECUTABLE_FOLDER_PATH)/ModernaUppgift3";
			};
			name = Release;
		};
		8B2DE8C72C75E1DC00A01CE0 /* Debug */ = {
			isa = XCBuildConfiguration;
			buildSettings = {
				ALWAYS_EMBED_SWIFT_STANDARD_LIBRARIES = YES;
				CODE_SIGN_STYLE = Automatic;
				CURRENT_PROJECT_VERSION = 1;
				DEVELOPMENT_TEAM = 2LYCKBFU6Q;
				GENERATE_INFOPLIST_FILE = YES;
				IPHONEOS_DEPLOYMENT_TARGET = 16.2;
				MACOSX_DEPLOYMENT_TARGET = 12.7;
				MARKETING_VERSION = 1.0;
				PRODUCT_BUNDLE_IDENTIFIER = com.edibuh.ModernaUppgift3UITests;
				PRODUCT_NAME = "$(TARGET_NAME)";
				SDKROOT = auto;
				SUPPORTED_PLATFORMS = "iphoneos iphonesimulator macosx";
				SWIFT_EMIT_LOC_STRINGS = NO;
				SWIFT_VERSION = 5.0;
				TARGETED_DEVICE_FAMILY = "1,2";
				TEST_TARGET_NAME = ModernaUppgift3;
			};
			name = Debug;
		};
		8B2DE8C82C75E1DC00A01CE0 /* Release */ = {
			isa = XCBuildConfiguration;
			buildSettings = {
				ALWAYS_EMBED_SWIFT_STANDARD_LIBRARIES = YES;
				CODE_SIGN_STYLE = Automatic;
				CURRENT_PROJECT_VERSION = 1;
				DEVELOPMENT_TEAM = 2LYCKBFU6Q;
				GENERATE_INFOPLIST_FILE = YES;
				IPHONEOS_DEPLOYMENT_TARGET = 16.2;
				MACOSX_DEPLOYMENT_TARGET = 12.7;
				MARKETING_VERSION = 1.0;
				PRODUCT_BUNDLE_IDENTIFIER = com.edibuh.ModernaUppgift3UITests;
				PRODUCT_NAME = "$(TARGET_NAME)";
				SDKROOT = auto;
				SUPPORTED_PLATFORMS = "iphoneos iphonesimulator macosx";
				SWIFT_EMIT_LOC_STRINGS = NO;
				SWIFT_VERSION = 5.0;
				TARGETED_DEVICE_FAMILY = "1,2";
				TEST_TARGET_NAME = ModernaUppgift3;
			};
			name = Release;
		};
/* End XCBuildConfiguration section */

/* Begin XCConfigurationList section */
		8B2DE8962C75E1DA00A01CE0 /* Build configuration list for PBXProject "ModernaUppgift3" */ = {
			isa = XCConfigurationList;
			buildConfigurations = (
				8B2DE8BE2C75E1DC00A01CE0 /* Debug */,
				8B2DE8BF2C75E1DC00A01CE0 /* Release */,
			);
			defaultConfigurationIsVisible = 0;
			defaultConfigurationName = Release;
		};
		8B2DE8C02C75E1DC00A01CE0 /* Build configuration list for PBXNativeTarget "ModernaUppgift3" */ = {
			isa = XCConfigurationList;
			buildConfigurations = (
				8B2DE8C12C75E1DC00A01CE0 /* Debug */,
				8B2DE8C22C75E1DC00A01CE0 /* Release */,
			);
			defaultConfigurationIsVisible = 0;
			defaultConfigurationName = Release;
		};
		8B2DE8C32C75E1DC00A01CE0 /* Build configuration list for PBXNativeTarget "ModernaUppgift3Tests" */ = {
			isa = XCConfigurationList;
			buildConfigurations = (
				8B2DE8C42C75E1DC00A01CE0 /* Debug */,
				8B2DE8C52C75E1DC00A01CE0 /* Release */,
			);
			defaultConfigurationIsVisible = 0;
			defaultConfigurationName = Release;
		};
		8B2DE8C62C75E1DC00A01CE0 /* Build configuration list for PBXNativeTarget "ModernaUppgift3UITests" */ = {
			isa = XCConfigurationList;
			buildConfigurations = (
				8B2DE8C72C75E1DC00A01CE0 /* Debug */,
				8B2DE8C82C75E1DC00A01CE0 /* Release */,
			);
			defaultConfigurationIsVisible = 0;
			defaultConfigurationName = Release;
		};
/* End XCConfigurationList section */
	};
	rootObject = 8B2DE8932C75E1DA00A01CE0 /* Project object */;
}
